
Microsoft Visual Studio Solution File, Format Version 12.00
# Visual Studio Version 16
VisualStudioVersion = 16.0.31129.286
MinimumVisualStudioVersion = 10.0.40219.1
Project("{FAE04EC0-301F-11D3-BF4B-00C04F79EFBC}") = "Escolha de Combustível", "Escolha de Combustível\Escolha de Combustível.csproj", "{C3543EB1-4A0A-4DFE-B6FB-7886C9216867}"
EndProject
Global
	GlobalSection(SolutionConfigurationPlatforms) = preSolution
		Debug|Any CPU = Debug|Any CPU
		Release|Any CPU = Release|Any CPU
	EndGlobalSection
	GlobalSection(ProjectConfigurationPlatforms) = postSolution
		{C3543EB1-4A0A-4DFE-B6FB-7886C9216867}.Debug|Any CPU.ActiveCfg = Debug|Any CPU
		{C3543EB1-4A0A-4DFE-B6FB-7886C9216867}.Debug|Any CPU.Build.0 = Debug|Any CPU
		{C3543EB1-4A0A-4DFE-B6FB-7886C9216867}.Release|Any CPU.ActiveCfg = Release|Any CPU
		{C3543EB1-4A0A-4DFE-B6FB-7886C9216867}.Release|Any CPU.Build.0 = Release|Any CPU
	EndGlobalSection
	GlobalSection(SolutionProperties) = preSolution
		HideSolutionNode = FALSE
	EndGlobalSection
	GlobalSection(ExtensibilityGlobals) = postSolution
		SolutionGuid = {F0799306-CAB6-4FDD-92E0-E51758050DAF}
	EndGlobalSection
EndGlobal
